
Microsoft Visual Studio Solution File, Format Version 12.00
# Visual Studio Version 16
VisualStudioVersion = 16.0.29806.167
MinimumVisualStudioVersion = 10.0.40219.1
Project("{FAE04EC0-301F-11D3-BF4B-00C04F79EFBC}") = "ServaTestProj", "ServaTestProj\ServaTestProj.csproj", "{D198C007-B726-44F0-8DD6-CF0D710AA022}"
EndProject
Global
	GlobalSection(SolutionConfigurationPlatforms) = preSolution
		Debug|Any CPU = Debug|Any CPU
		Release|Any CPU = Release|Any CPU
	EndGlobalSection
	GlobalSection(ProjectConfigurationPlatforms) = postSolution
		{D198C007-B726-44F0-8DD6-CF0D710AA022}.Debug|Any CPU.ActiveCfg = Debug|Any CPU
		{D198C007-B726-44F0-8DD6-CF0D710AA022}.Debug|Any CPU.Build.0 = Debug|Any CPU
		{D198C007-B726-44F0-8DD6-CF0D710AA022}.Release|Any CPU.ActiveCfg = Release|Any CPU
		{D198C007-B726-44F0-8DD6-CF0D710AA022}.Release|Any CPU.Build.0 = Release|Any CPU
	EndGlobalSection
	GlobalSection(SolutionProperties) = preSolution
		HideSolutionNode = FALSE
	EndGlobalSection
	GlobalSection(ExtensibilityGlobals) = postSolution
		SolutionGuid = {E2CC08B2-32E4-43A3-ACBC-49627AF94F1D}
	EndGlobalSection
EndGlobal
